// !$*UTF8*$!
{
	archiveVersion = 1;
	classes = {
	};
	objectVersion = 52;
	objects = {

/* Begin PBXBuildFile section */
		6747337B28DA2ACF00FB53AC /* WebKit.framework in Frameworks */ = {isa = PBXBuildFile; fileRef = 6747337A28DA2ACF00FB53AC /* WebKit.framework */; };
		67754FD828C83A0D008A4269 /* AppDelegate.swift in Sources */ = {isa = PBXBuildFile; fileRef = 67754FD728C83A0D008A4269 /* AppDelegate.swift */; };
		67754FDA28C83A0D008A4269 /* SceneDelegate.swift in Sources */ = {isa = PBXBuildFile; fileRef = 67754FD928C83A0D008A4269 /* SceneDelegate.swift */; };
		67754FDC28C83A0D008A4269 /* MoviesViewController.swift in Sources */ = {isa = PBXBuildFile; fileRef = 67754FDB28C83A0D008A4269 /* MoviesViewController.swift */; };
		67754FDF28C83A0D008A4269 /* Main.storyboard in Resources */ = {isa = PBXBuildFile; fileRef = 67754FDD28C83A0D008A4269 /* Main.storyboard */; };
		67754FE128C83A0E008A4269 /* Assets.xcassets in Resources */ = {isa = PBXBuildFile; fileRef = 67754FE028C83A0E008A4269 /* Assets.xcassets */; };
		67754FE428C83A0E008A4269 /* LaunchScreen.storyboard in Resources */ = {isa = PBXBuildFile; fileRef = 67754FE228C83A0E008A4269 /* LaunchScreen.storyboard */; };
		6795880528D6E8FD00F401BD /* MovieDetailsViewController.swift in Sources */ = {isa = PBXBuildFile; fileRef = 6795880428D6E8FD00F401BD /* MovieDetailsViewController.swift */; };
		6795880728D6FC8100F401BD /* MovieGridViewController.swift in Sources */ = {isa = PBXBuildFile; fileRef = 6795880628D6FC8100F401BD /* MovieGridViewController.swift */; };
		6795880928D701DA00F401BD /* MovieGridCell.swift in Sources */ = {isa = PBXBuildFile; fileRef = 6795880828D701DA00F401BD /* MovieGridCell.swift */; };
		6795880B28D938D700F401BD /* MovieTrailerViewController.swift in Sources */ = {isa = PBXBuildFile; fileRef = 6795880A28D938D700F401BD /* MovieTrailerViewController.swift */; };
		67A9BDB128C9A8C6003A330A /* MovieCell.swift in Sources */ = {isa = PBXBuildFile; fileRef = 67A9BDB028C9A8C6003A330A /* MovieCell.swift */; };
		67A9BDB428C9AFC4003A330A /* AlamofireImage in Frameworks */ = {isa = PBXBuildFile; productRef = 67A9BDB328C9AFC4003A330A /* AlamofireImage */; };
/* End PBXBuildFile section */

/* Begin PBXFileReference section */
		6747337A28DA2ACF00FB53AC /* WebKit.framework */ = {isa = PBXFileReference; lastKnownFileType = wrapper.framework; name = WebKit.framework; path = System/Library/Frameworks/WebKit.framework; sourceTree = SDKROOT; };
		67754FD428C83A0D008A4269 /* Flixster.app */ = {isa = PBXFileReference; explicitFileType = wrapper.application; includeInIndex = 0; path = Flixster.app; sourceTree = BUILT_PRODUCTS_DIR; };
		67754FD728C83A0D008A4269 /* AppDelegate.swift */ = {isa = PBXFileReference; lastKnownFileType = sourcecode.swift; path = AppDelegate.swift; sourceTree = "<group>"; };
		67754FD928C83A0D008A4269 /* SceneDelegate.swift */ = {isa = PBXFileReference; lastKnownFileType = sourcecode.swift; path = SceneDelegate.swift; sourceTree = "<group>"; };
		67754FDB28C83A0D008A4269 /* MoviesViewController.swift */ = {isa = PBXFileReference; lastKnownFileType = sourcecode.swift; path = MoviesViewController.swift; sourceTree = "<group>"; };
		67754FDE28C83A0D008A4269 /* Base */ = {isa = PBXFileReference; lastKnownFileType = file.storyboard; name = Base; path = Base.lproj/Main.storyboard; sourceTree = "<group>"; };
		67754FE028C83A0E008A4269 /* Assets.xcassets */ = {isa = PBXFileReference; lastKnownFileType = folder.assetcatalog; path = Assets.xcassets; sourceTree = "<group>"; };
		67754FE328C83A0E008A4269 /* Base */ = {isa = PBXFileReference; lastKnownFileType = file.storyboard; name = Base; path = Base.lproj/LaunchScreen.storyboard; sourceTree = "<group>"; };
		67754FE528C83A0E008A4269 /* Info.plist */ = {isa = PBXFileReference; lastKnownFileType = text.plist.xml; path = Info.plist; sourceTree = "<group>"; };
		6795880428D6E8FD00F401BD /* MovieDetailsViewController.swift */ = {isa = PBXFileReference; lastKnownFileType = sourcecode.swift; path = MovieDetailsViewController.swift; sourceTree = "<group>"; };
		6795880628D6FC8100F401BD /* MovieGridViewController.swift */ = {isa = PBXFileReference; lastKnownFileType = sourcecode.swift; path = MovieGridViewController.swift; sourceTree = "<group>"; };
		6795880828D701DA00F401BD /* MovieGridCell.swift */ = {isa = PBXFileReference; lastKnownFileType = sourcecode.swift; path = MovieGridCell.swift; sourceTree = "<group>"; };
		6795880A28D938D700F401BD /* MovieTrailerViewController.swift */ = {isa = PBXFileReference; lastKnownFileType = sourcecode.swift; path = MovieTrailerViewController.swift; sourceTree = "<group>"; };
		67A9BDB028C9A8C6003A330A /* MovieCell.swift */ = {isa = PBXFileReference; lastKnownFileType = sourcecode.swift; path = MovieCell.swift; sourceTree = "<group>"; };
/* End PBXFileReference section */

/* Begin PBXFrameworksBuildPhase section */
		67754FD128C83A0D008A4269 /* Frameworks */ = {
			isa = PBXFrameworksBuildPhase;
			buildActionMask = 2147483647;
			files = (
				6747337B28DA2ACF00FB53AC /* WebKit.framework in Frameworks */,
				67A9BDB428C9AFC4003A330A /* AlamofireImage in Frameworks */,
			);
			runOnlyForDeploymentPostprocessing = 0;
		};
/* End PBXFrameworksBuildPhase section */

/* Begin PBXGroup section */
		6747337928DA2ACE00FB53AC /* Frameworks */ = {
			isa = PBXGroup;
			children = (
				6747337A28DA2ACF00FB53AC /* WebKit.framework */,
			);
			name = Frameworks;
			sourceTree = "<group>";
		};
		67754FCB28C83A0D008A4269 = {
			isa = PBXGroup;
			children = (
				67754FD628C83A0D008A4269 /* Flixster */,
				67754FD528C83A0D008A4269 /* Products */,
				6747337928DA2ACE00FB53AC /* Frameworks */,
			);
			sourceTree = "<group>";
		};
		67754FD528C83A0D008A4269 /* Products */ = {
			isa = PBXGroup;
			children = (
				67754FD428C83A0D008A4269 /* Flixster.app */,
			);
			name = Products;
			sourceTree = "<group>";
		};
		67754FD628C83A0D008A4269 /* Flixster */ = {
			isa = PBXGroup;
			children = (
				67754FD728C83A0D008A4269 /* AppDelegate.swift */,
				67754FD928C83A0D008A4269 /* SceneDelegate.swift */,
				67754FDB28C83A0D008A4269 /* MoviesViewController.swift */,
				67754FDD28C83A0D008A4269 /* Main.storyboard */,
				67754FE028C83A0E008A4269 /* Assets.xcassets */,
				67754FE228C83A0E008A4269 /* LaunchScreen.storyboard */,
				67754FE528C83A0E008A4269 /* Info.plist */,
				67A9BDB028C9A8C6003A330A /* MovieCell.swift */,
				6795880428D6E8FD00F401BD /* MovieDetailsViewController.swift */,
				6795880628D6FC8100F401BD /* MovieGridViewController.swift */,
				6795880828D701DA00F401BD /* MovieGridCell.swift */,
				6795880A28D938D700F401BD /* MovieTrailerViewController.swift */,
			);
			path = Flixster;
			sourceTree = "<group>";
		};
/* End PBXGroup section */

/* Begin PBXNativeTarget section */
		67754FD328C83A0D008A4269 /* Flixster */ = {
			isa = PBXNativeTarget;
			buildConfigurationList = 67754FE828C83A0E008A4269 /* Build configuration list for PBXNativeTarget "Flixster" */;
			buildPhases = (
				67754FD028C83A0D008A4269 /* Sources */,
				67754FD128C83A0D008A4269 /* Frameworks */,
				67754FD228C83A0D008A4269 /* Resources */,
			);
			buildRules = (
			);
			dependencies = (
			);
			name = Flixster;
			packageProductDependencies = (
				67A9BDB328C9AFC4003A330A /* AlamofireImage */,
			);
			productName = Flixster;
			productReference = 67754FD428C83A0D008A4269 /* Flixster.app */;
			productType = "com.apple.product-type.application";
		};
/* End PBXNativeTarget section */

/* Begin PBXProject section */
		67754FCC28C83A0D008A4269 /* Project object */ = {
			isa = PBXProject;
			attributes = {
				LastSwiftUpdateCheck = 1140;
				LastUpgradeCheck = 1140;
				ORGANIZATIONNAME = "Mina Sedhom";
				TargetAttributes = {
					67754FD328C83A0D008A4269 = {
						CreatedOnToolsVersion = 11.4;
					};
				};
			};
			buildConfigurationList = 67754FCF28C83A0D008A4269 /* Build configuration list for PBXProject "Flixster" */;
			compatibilityVersion = "Xcode 9.3";
			developmentRegion = en;
			hasScannedForEncodings = 0;
			knownRegions = (
				en,
				Base,
			);
			mainGroup = 67754FCB28C83A0D008A4269;
			packageReferences = (
				67A9BDB228C9AFC4003A330A /* XCRemoteSwiftPackageReference "AlamofireImage" */,
			);
			productRefGroup = 67754FD528C83A0D008A4269 /* Products */;
			projectDirPath = "";
			projectRoot = "";
			targets = (
				67754FD328C83A0D008A4269 /* Flixster */,
			);
		};
/* End PBXProject section */

/* Begin PBXResourcesBuildPhase section */
		67754FD228C83A0D008A4269 /* Resources */ = {
			isa = PBXResourcesBuildPhase;
			buildActionMask = 2147483647;
			files = (
				67754FE428C83A0E008A4269 /* LaunchScreen.storyboard in Resources */,
				67754FE128C83A0E008A4269 /* Assets.xcassets in Resources */,
				67754FDF28C83A0D008A4269 /* Main.storyboard in Resources */,
			);
			runOnlyForDeploymentPostprocessing = 0;
		};
/* End PBXResourcesBuildPhase section */

/* Begin PBXSourcesBuildPhase section */
		67754FD028C83A0D008A4269 /* Sources */ = {
			isa = PBXSourcesBuildPhase;
			buildActionMask = 2147483647;
			files = (
				6795880528D6E8FD00F401BD /* MovieDetailsViewController.swift in Sources */,
				67754FDC28C83A0D008A4269 /* MoviesViewController.swift in Sources */,
				6795880B28D938D700F401BD /* MovieTrailerViewController.swift in Sources */,
				67754FD828C83A0D008A4269 /* AppDelegate.swift in Sources */,
				67A9BDB128C9A8C6003A330A /* MovieCell.swift in Sources */,
				67754FDA28C83A0D008A4269 /* SceneDelegate.swift in Sources */,
				6795880728D6FC8100F401BD /* MovieGridViewController.swift in Sources */,
				6795880928D701DA00F401BD /* MovieGridCell.swift in Sources */,
			);
			runOnlyForDeploymentPostprocessing = 0;
		};
/* End PBXSourcesBuildPhase section */

/* Begin PBXVariantGroup section */
		67754FDD28C83A0D008A4269 /* Main.storyboard */ = {
			isa = PBXVariantGroup;
			children = (
				67754FDE28C83A0D008A4269 /* Base */,
			);
			name = Main.storyboard;
			sourceTree = "<group>";
		};
		67754FE228C83A0E008A4269 /* LaunchScreen.storyboard */ = {
			isa = PBXVariantGroup;
			children = (
				67754FE328C83A0E008A4269 /* Base */,
			);
			name = LaunchScreen.storyboard;
			sourceTree = "<group>";
		};
/* End PBXVariantGroup section */

/* Begin XCBuildConfiguration section */
		67754FE628C83A0E008A4269 /* Debug */ = {
			isa = XCBuildConfiguration;
			buildSettings = {
				ALWAYS_SEARCH_USER_PATHS = NO;
				CLANG_ANALYZER_NONNULL = YES;
				CLANG_ANALYZER_NUMBER_OBJECT_CONVERSION = YES_AGGRESSIVE;
				CLANG_CXX_LANGUAGE_STANDARD = "gnu++14";
				CLANG_CXX_LIBRARY = "libc++";
				CLANG_ENABLE_MODULES = YES;
				CLANG_ENABLE_OBJC_ARC = YES;
				CLANG_ENABLE_OBJC_WEAK = YES;
				CLANG_WARN_BLOCK_CAPTURE_AUTORELEASING = YES;
				CLANG_WARN_BOOL_CONVERSION = YES;
				CLANG_WARN_COMMA = YES;
				CLANG_WARN_CONSTANT_CONVERSION = YES;
				CLANG_WARN_DEPRECATED_OBJC_IMPLEMENTATIONS = YES;
				CLANG_WARN_DIRECT_OBJC_ISA_USAGE = YES_ERROR;
				CLANG_WARN_DOCUMENTATION_COMMENTS = YES;
				CLANG_WARN_EMPTY_BODY = YES;
				CLANG_WARN_ENUM_CONVERSION = YES;
				CLANG_WARN_INFINITE_RECURSION = YES;
				CLANG_WARN_INT_CONVERSION = YES;
				CLANG_WARN_NON_LITERAL_NULL_CONVERSION = YES;
				CLANG_WARN_OBJC_IMPLICIT_RETAIN_SELF = YES;
				CLANG_WARN_OBJC_LITERAL_CONVERSION = YES;
				CLANG_WARN_OBJC_ROOT_CLASS = YES_ERROR;
				CLANG_WARN_RANGE_LOOP_ANALYSIS = YES;
				CLANG_WARN_STRICT_PROTOTYPES = YES;
				CLANG_WARN_SUSPICIOUS_MOVE = YES;
				CLANG_WARN_UNGUARDED_AVAILABILITY = YES_AGGRESSIVE;
				CLANG_WARN_UNREACHABLE_CODE = YES;
				CLANG_WARN__DUPLICATE_METHOD_MATCH = YES;
				COPY_PHASE_STRIP = NO;
				DEBUG_INFORMATION_FORMAT = dwarf;
				ENABLE_STRICT_OBJC_MSGSEND = YES;
				ENABLE_TESTABILITY = YES;
				GCC_C_LANGUAGE_STANDARD = gnu11;
				GCC_DYNAMIC_NO_PIC = NO;
				GCC_NO_COMMON_BLOCKS = YES;
				GCC_OPTIMIZATION_LEVEL = 0;
				GCC_PREPROCESSOR_DEFINITIONS = (
					"DEBUG=1",
					"$(inherited)",
				);
				GCC_WARN_64_TO_32_BIT_CONVERSION = YES;
				GCC_WARN_ABOUT_RETURN_TYPE = YES_ERROR;
				GCC_WARN_UNDECLARED_SELECTOR = YES;
				GCC_WARN_UNINITIALIZED_AUTOS = YES_AGGRESSIVE;
				GCC_WARN_UNUSED_FUNCTION = YES;
				GCC_WARN_UNUSED_VARIABLE = YES;
				IPHONEOS_DEPLOYMENT_TARGET = 13.4;
				MTL_ENABLE_DEBUG_INFO = INCLUDE_SOURCE;
				MTL_FAST_MATH = YES;
				ONLY_ACTIVE_ARCH = YES;
				SDKROOT = iphoneos;
				SWIFT_ACTIVE_COMPILATION_CONDITIONS = DEBUG;
				SWIFT_OPTIMIZATION_LEVEL = "-Onone";
			};
			name = Debug;
		};
		67754FE728C83A0E008A4269 /* Release */ = {
			isa = XCBuildConfiguration;
			buildSettings = {
				ALWAYS_SEARCH_USER_PATHS = NO;
				CLANG_ANALYZER_NONNULL = YES;
				CLANG_ANALYZER_NUMBER_OBJECT_CONVERSION = YES_AGGRESSIVE;
				CLANG_CXX_LANGUAGE_STANDARD = "gnu++14";
				CLANG_CXX_LIBRARY = "libc++";
				CLANG_ENABLE_MODULES = YES;
				CLANG_ENABLE_OBJC_ARC = YES;
				CLANG_ENABLE_OBJC_WEAK = YES;
				CLANG_WARN_BLOCK_CAPTURE_AUTORELEASING = YES;
				CLANG_WARN_BOOL_CONVERSION = YES;
				CLANG_WARN_COMMA = YES;
				CLANG_WARN_CONSTANT_CONVERSION = YES;
				CLANG_WARN_DEPRECATED_OBJC_IMPLEMENTATIONS = YES;
				CLANG_WARN_DIRECT_OBJC_ISA_USAGE = YES_ERROR;
				CLANG_WARN_DOCUMENTATION_COMMENTS = YES;
				CLANG_WARN_EMPTY_BODY = YES;
				CLANG_WARN_ENUM_CONVERSION = YES;
				CLANG_WARN_INFINITE_RECURSION = YES;
				CLANG_WARN_INT_CONVERSION = YES;
				CLANG_WARN_NON_LITERAL_NULL_CONVERSION = YES;
				CLANG_WARN_OBJC_IMPLICIT_RETAIN_SELF = YES;
				CLANG_WARN_OBJC_LITERAL_CONVERSION = YES;
				CLANG_WARN_OBJC_ROOT_CLASS = YES_ERROR;
				CLANG_WARN_RANGE_LOOP_ANALYSIS = YES;
				CLANG_WARN_STRICT_PROTOTYPES = YES;
				CLANG_WARN_SUSPICIOUS_MOVE = YES;
				CLANG_WARN_UNGUARDED_AVAILABILITY = YES_AGGRESSIVE;
				CLANG_WARN_UNREACHABLE_CODE = YES;
				CLANG_WARN__DUPLICATE_METHOD_MATCH = YES;
				COPY_PHASE_STRIP = NO;
				DEBUG_INFORMATION_FORMAT = "dwarf-with-dsym";
				ENABLE_NS_ASSERTIONS = NO;
				ENABLE_STRICT_OBJC_MSGSEND = YES;
				GCC_C_LANGUAGE_STANDARD = gnu11;
				GCC_NO_COMMON_BLOCKS = YES;
				GCC_WARN_64_TO_32_BIT_CONVERSION = YES;
				GCC_WARN_ABOUT_RETURN_TYPE = YES_ERROR;
				GCC_WARN_UNDECLARED_SELECTOR = YES;
				GCC_WARN_UNINITIALIZED_AUTOS = YES_AGGRESSIVE;
				GCC_WARN_UNUSED_FUNCTION = YES;
				GCC_WARN_UNUSED_VARIABLE = YES;
				IPHONEOS_DEPLOYMENT_TARGET = 13.4;
				MTL_ENABLE_DEBUG_INFO = NO;
				MTL_FAST_MATH = YES;
				SDKROOT = iphoneos;
				SWIFT_COMPILATION_MODE = wholemodule;
				SWIFT_OPTIMIZATION_LEVEL = "-O";
				VALIDATE_PRODUCT = YES;
			};
			name = Release;
		};
		67754FE928C83A0E008A4269 /* Debug */ = {
			isa = XCBuildConfiguration;
			buildSettings = {
				ASSETCATALOG_COMPILER_APPICON_NAME = AppIcon;
				CODE_SIGN_STYLE = Automatic;
				INFOPLIST_FILE = Flixster/Info.plist;
				LD_RUNPATH_SEARCH_PATHS = (
					"$(inherited)",
					"@executable_path/Frameworks",
				);
				PRODUCT_BUNDLE_IDENTIFIER = com.minaIOS.Flixster;
				PRODUCT_NAME = "$(TARGET_NAME)";
				SWIFT_VERSION = 5.0;
				TARGETED_DEVICE_FAMILY = "1,2";
			};
			name = Debug;
		};
		67754FEA28C83A0E008A4269 /* Release */ = {
			isa = XCBuildConfiguration;
			buildSettings = {
				ASSETCATALOG_COMPILER_APPICON_NAME = AppIcon;
				CODE_SIGN_STYLE = Automatic;
				INFOPLIST_FILE = Flixster/Info.plist;
				LD_RUNPATH_SEARCH_PATHS = (
					"$(inherited)",
					"@executable_path/Frameworks",
				);
				PRODUCT_BUNDLE_IDENTIFIER = com.minaIOS.Flixster;
				PRODUCT_NAME = "$(TARGET_NAME)";
				SWIFT_VERSION = 5.0;
				TARGETED_DEVICE_FAMILY = "1,2";
			};
			name = Release;
		};
/* End XCBuildConfiguration section */

/* Begin XCConfigurationList section */
		67754FCF28C83A0D008A4269 /* Build configuration list for PBXProject "Flixster" */ = {
			isa = XCConfigurationList;
			buildConfigurations = (
				67754FE628C83A0E008A4269 /* Debug */,
				67754FE728C83A0E008A4269 /* Release */,
			);
			defaultConfigurationIsVisible = 0;
			defaultConfigurationName = Release;
		};
		67754FE828C83A0E008A4269 /* Build configuration list for PBXNativeTarget "Flixster" */ = {
			isa = XCConfigurationList;
			buildConfigurations = (
				67754FE928C83A0E008A4269 /* Debug */,
				67754FEA28C83A0E008A4269 /* Release */,
			);
			defaultConfigurationIsVisible = 0;
			defaultConfigurationName = Release;
		};
/* End XCConfigurationList section */

/* Begin XCRemoteSwiftPackageReference section */
		67A9BDB228C9AFC4003A330A /* XCRemoteSwiftPackageReference "AlamofireImage" */ = {
			isa = XCRemoteSwiftPackageReference;
			repositoryURL = "https://github.com/Alamofire/AlamofireImage";
			requirement = {
				kind = upToNextMajorVersion;
				minimumVersion = 4.2.0;
			};
		};
/* End XCRemoteSwiftPackageReference section */

/* Begin XCSwiftPackageProductDependency section */
		67A9BDB328C9AFC4003A330A /* AlamofireImage */ = {
			isa = XCSwiftPackageProductDependency;
			package = 67A9BDB228C9AFC4003A330A /* XCRemoteSwiftPackageReference "AlamofireImage" */;
			productName = AlamofireImage;
		};
/* End XCSwiftPackageProductDependency section */
	};
	rootObject = 67754FCC28C83A0D008A4269 /* Project object */;
}
